{
  "requires": true,
  "lockfileVersion": 1,
  "dependencies": {
    "@uirouter/angularjs": {
      "version": "1.0.7",
      "resolved": "https://registry.npmjs.org/@uirouter/angularjs/-/angularjs-1.0.7.tgz",
      "integrity": "sha512-R3s+Dn3fO/v282CKUzRzpL7KUAR3AVpoL0hTCTugxOFDTvM6nOo6V2cBg5HWE3YnHKboSEGWhQYHv2/kNR67oA==",
      "requires": {
        "@uirouter/core": "5.0.8"
      }
    },
    "@uirouter/core": {
      "version": "5.0.8",
      "resolved": "https://registry.npmjs.org/@uirouter/core/-/core-5.0.8.tgz",
      "integrity": "sha512-5Xb+hIAH0rqlRjZU4o2IorMRheIZdxOFsflTzWMzsM+d3ri/ManPe84ACl0qEovfKqY4aXXy8Gz8m7D4D5S+rw=="
    },
    "bower": {
      "version": "1.8.8",
      "resolved": "https://registry.npmjs.org/bower/-/bower-1.8.8.tgz",
      "integrity": "sha512-1SrJnXnkP9soITHptSO+ahx3QKp3cVzn8poI6ujqc5SeOkg5iqM1pK9H+DSc2OQ8SnO0jC/NG4Ur/UIwy7574A=="
    }
  }
}
